
Microsoft Visual Studio Solution File, Format Version 12.00
# Visual Studio Version 16
VisualStudioVersion = 16.0.31205.134
MinimumVisualStudioVersion = 10.0.40219.1
Project("{9A19103F-16F7-4668-BE54-9A1E7A4F7556}") = "WebAPI_Authorize_Groups", "WebAPI_Authorize_Groups\WebAPI_Authorize_Groups.csproj", "{9017ACAD-2D12-47FA-9104-28E60F3DD500}"
EndProject
Project("{9A19103F-16F7-4668-BE54-9A1E7A4F7556}") = "WebApp_Authorize_Groups", "WebApp_Authorize_Groups\WebApp_Authorize_Groups.csproj", "{14C5BC32-69D8-4B21-9869-803E0AA45794}"
EndProject
Global
	GlobalSection(SolutionConfigurationPlatforms) = preSolution
		Debug|Any CPU = Debug|Any CPU
		Release|Any CPU = Release|Any CPU
	EndGlobalSection
	GlobalSection(ProjectConfigurationPlatforms) = postSolution
		{9017ACAD-2D12-47FA-9104-28E60F3DD500}.Debug|Any CPU.ActiveCfg = Debug|Any CPU
		{9017ACAD-2D12-47FA-9104-28E60F3DD500}.Debug|Any CPU.Build.0 = Debug|Any CPU
		{9017ACAD-2D12-47FA-9104-28E60F3DD500}.Release|Any CPU.ActiveCfg = Release|Any CPU
		{9017ACAD-2D12-47FA-9104-28E60F3DD500}.Release|Any CPU.Build.0 = Release|Any CPU
		{14C5BC32-69D8-4B21-9869-803E0AA45794}.Debug|Any CPU.ActiveCfg = Debug|Any CPU
		{14C5BC32-69D8-4B21-9869-803E0AA45794}.Debug|Any CPU.Build.0 = Debug|Any CPU
		{14C5BC32-69D8-4B21-9869-803E0AA45794}.Release|Any CPU.ActiveCfg = Release|Any CPU
		{14C5BC32-69D8-4B21-9869-803E0AA45794}.Release|Any CPU.Build.0 = Release|Any CPU
	EndGlobalSection
	GlobalSection(SolutionProperties) = preSolution
		HideSolutionNode = FALSE
	EndGlobalSection
	GlobalSection(ExtensibilityGlobals) = postSolution
		SolutionGuid = {BAE999D7-07BC-4F10-9CD1-0580665983FD}
	EndGlobalSection
EndGlobal
