
Microsoft Visual Studio Solution File, Format Version 12.00
# Visual Studio Version 16
VisualStudioVersion = 16.0.31205.134
MinimumVisualStudioVersion = 10.0.40219.1
Project("{FAE04EC0-301F-11D3-BF4B-00C04F79EFBC}") = "AppInsights.Logging.API", "AppInsights.Logging.API\AppInsights.Logging.API.csproj", "{3D0CD3CF-DE06-4CC2-9342-204041E1C082}"
EndProject
Global
	GlobalSection(SolutionConfigurationPlatforms) = preSolution
		Debug|Any CPU = Debug|Any CPU
		Release|Any CPU = Release|Any CPU
	EndGlobalSection
	GlobalSection(ProjectConfigurationPlatforms) = postSolution
		{3D0CD3CF-DE06-4CC2-9342-204041E1C082}.Debug|Any CPU.ActiveCfg = Debug|Any CPU
		{3D0CD3CF-DE06-4CC2-9342-204041E1C082}.Debug|Any CPU.Build.0 = Debug|Any CPU
		{3D0CD3CF-DE06-4CC2-9342-204041E1C082}.Release|Any CPU.ActiveCfg = Release|Any CPU
		{3D0CD3CF-DE06-4CC2-9342-204041E1C082}.Release|Any CPU.Build.0 = Release|Any CPU
	EndGlobalSection
	GlobalSection(SolutionProperties) = preSolution
		HideSolutionNode = FALSE
	EndGlobalSection
	GlobalSection(ExtensibilityGlobals) = postSolution
		SolutionGuid = {6E055784-4DF3-47C9-ADDE-91168B84E745}
	EndGlobalSection
EndGlobal
