
Microsoft Visual Studio Solution File, Format Version 12.00
# Visual Studio Version 16
VisualStudioVersion = 16.0.31205.134
MinimumVisualStudioVersion = 10.0.40219.1
Project("{FAE04EC0-301F-11D3-BF4B-00C04F79EFBC}") = "ExceptionHandling.API", "ExceptionHandling.API\ExceptionHandling.API.csproj", "{69257EAF-A9B6-434D-B3D3-191EB8EEF65E}"
EndProject
Global
	GlobalSection(SolutionConfigurationPlatforms) = preSolution
		Debug|Any CPU = Debug|Any CPU
		Release|Any CPU = Release|Any CPU
	EndGlobalSection
	GlobalSection(ProjectConfigurationPlatforms) = postSolution
		{69257EAF-A9B6-434D-B3D3-191EB8EEF65E}.Debug|Any CPU.ActiveCfg = Debug|Any CPU
		{69257EAF-A9B6-434D-B3D3-191EB8EEF65E}.Debug|Any CPU.Build.0 = Debug|Any CPU
		{69257EAF-A9B6-434D-B3D3-191EB8EEF65E}.Release|Any CPU.ActiveCfg = Release|Any CPU
		{69257EAF-A9B6-434D-B3D3-191EB8EEF65E}.Release|Any CPU.Build.0 = Release|Any CPU
	EndGlobalSection
	GlobalSection(SolutionProperties) = preSolution
		HideSolutionNode = FALSE
	EndGlobalSection
	GlobalSection(ExtensibilityGlobals) = postSolution
		SolutionGuid = {79B5AD41-8A45-4648-849C-E738CD8ABA1C}
	EndGlobalSection
EndGlobal
